
Microsoft Visual Studio Solution File, Format Version 12.00
# Visual Studio Version 17
VisualStudioVersion = 17.10.35004.147
MinimumVisualStudioVersion = 10.0.40219.1
Project("{FAE04EC0-301F-11D3-BF4B-00C04F79EFBC}") = "MauiPoC", "MauiPoC\MauiPoC.csproj", "{2696F130-E1A2-4C22-8062-E09A154CEF9F}"
EndProject
Global
	GlobalSection(SolutionConfigurationPlatforms) = preSolution
		Debug|Any CPU = Debug|Any CPU
		Release|Any CPU = Release|Any CPU
	EndGlobalSection
	GlobalSection(ProjectConfigurationPlatforms) = postSolution
		{2696F130-E1A2-4C22-8062-E09A154CEF9F}.Debug|Any CPU.ActiveCfg = Debug|Any CPU
		{2696F130-E1A2-4C22-8062-E09A154CEF9F}.Debug|Any CPU.Build.0 = Debug|Any CPU
		{2696F130-E1A2-4C22-8062-E09A154CEF9F}.Debug|Any CPU.Deploy.0 = Debug|Any CPU
		{2696F130-E1A2-4C22-8062-E09A154CEF9F}.Release|Any CPU.ActiveCfg = Release|Any CPU
		{2696F130-E1A2-4C22-8062-E09A154CEF9F}.Release|Any CPU.Build.0 = Release|Any CPU
		{2696F130-E1A2-4C22-8062-E09A154CEF9F}.Release|Any CPU.Deploy.0 = Release|Any CPU
	EndGlobalSection
	GlobalSection(SolutionProperties) = preSolution
		HideSolutionNode = FALSE
	EndGlobalSection
	GlobalSection(ExtensibilityGlobals) = postSolution
		SolutionGuid = {D765E0EE-3068-4ABD-9064-36E7B7936931}
	EndGlobalSection
EndGlobal
